
Microsoft Visual Studio Solution File, Format Version 12.00
# Visual Studio Version 16
VisualStudioVersion = 16.0.31624.102
MinimumVisualStudioVersion = 10.0.40219.1
Project("{9A19103F-16F7-4668-BE54-9A1E7A4F7556}") = "MongoDBUI", "MongoDBUI\MongoDBUI.csproj", "{3C2951CB-8E1D-45D0-B5A5-0ED8635261A0}"
EndProject
Project("{FAE04EC0-301F-11D3-BF4B-00C04F79EFBC}") = "DataAccessLibrary", "DataAccessLibrary\DataAccessLibrary.csproj", "{8FE7E8B4-1C0E-40AF-AD6A-3457B3EAA830}"
EndProject
Global
	GlobalSection(SolutionConfigurationPlatforms) = preSolution
		Debug|Any CPU = Debug|Any CPU
		Release|Any CPU = Release|Any CPU
	EndGlobalSection
	GlobalSection(ProjectConfigurationPlatforms) = postSolution
		{3C2951CB-8E1D-45D0-B5A5-0ED8635261A0}.Debug|Any CPU.ActiveCfg = Debug|Any CPU
		{3C2951CB-8E1D-45D0-B5A5-0ED8635261A0}.Debug|Any CPU.Build.0 = Debug|Any CPU
		{3C2951CB-8E1D-45D0-B5A5-0ED8635261A0}.Release|Any CPU.ActiveCfg = Release|Any CPU
		{3C2951CB-8E1D-45D0-B5A5-0ED8635261A0}.Release|Any CPU.Build.0 = Release|Any CPU
		{8FE7E8B4-1C0E-40AF-AD6A-3457B3EAA830}.Debug|Any CPU.ActiveCfg = Debug|Any CPU
		{8FE7E8B4-1C0E-40AF-AD6A-3457B3EAA830}.Debug|Any CPU.Build.0 = Debug|Any CPU
		{8FE7E8B4-1C0E-40AF-AD6A-3457B3EAA830}.Release|Any CPU.ActiveCfg = Release|Any CPU
		{8FE7E8B4-1C0E-40AF-AD6A-3457B3EAA830}.Release|Any CPU.Build.0 = Release|Any CPU
	EndGlobalSection
	GlobalSection(SolutionProperties) = preSolution
		HideSolutionNode = FALSE
	EndGlobalSection
	GlobalSection(ExtensibilityGlobals) = postSolution
		SolutionGuid = {17F235C2-C0E2-41E6-BCF6-FAF32750831F}
	EndGlobalSection
EndGlobal
